// !$*UTF8*$!
{
	archiveVersion = 1;
	classes = {
	};
	objectVersion = 48;
	objects = {

/* Begin PBXBuildFile section */
		6EE1CAA3204A55F300E568C9 /* AppDelegate.swift in Sources */ = {isa = PBXBuildFile; fileRef = 6EE1CAA2204A55F300E568C9 /* AppDelegate.swift */; };
		6EE1CAA5204A55F300E568C9 /* ApayaViewController.swift in Sources */ = {isa = PBXBuildFile; fileRef = 6EE1CAA4204A55F300E568C9 /* ApayaViewController.swift */; };
		6EE1CAA8204A55F300E568C9 /* Main.storyboard in Resources */ = {isa = PBXBuildFile; fileRef = 6EE1CAA6204A55F300E568C9 /* Main.storyboard */; };
		6EE1CAAA204A55F300E568C9 /* Assets.xcassets in Resources */ = {isa = PBXBuildFile; fileRef = 6EE1CAA9204A55F300E568C9 /* Assets.xcassets */; };
		6EE1CAAD204A55F300E568C9 /* LaunchScreen.storyboard in Resources */ = {isa = PBXBuildFile; fileRef = 6EE1CAAB204A55F300E568C9 /* LaunchScreen.storyboard */; };
		6EE1CAB5204A881500E568C9 /* Apaya.swift in Sources */ = {isa = PBXBuildFile; fileRef = 6EE1CAB4204A881500E568C9 /* Apaya.swift */; };
		6EE1CAB7204A893300E568C9 /* Card.swift in Sources */ = {isa = PBXBuildFile; fileRef = 6EE1CAB6204A893300E568C9 /* Card.swift */; };
/* End PBXBuildFile section */

/* Begin PBXFileReference section */
		6EE1CA9F204A55F300E568C9 /* Apaya.app */ = {isa = PBXFileReference; explicitFileType = wrapper.application; includeInIndex = 0; path = Apaya.app; sourceTree = BUILT_PRODUCTS_DIR; };
		6EE1CAA2204A55F300E568C9 /* AppDelegate.swift */ = {isa = PBXFileReference; lastKnownFileType = sourcecode.swift; path = AppDelegate.swift; sourceTree = "<group>"; };
		6EE1CAA4204A55F300E568C9 /* ApayaViewController.swift */ = {isa = PBXFileReference; lastKnownFileType = sourcecode.swift; path = ApayaViewController.swift; sourceTree = "<group>"; };
		6EE1CAA7204A55F300E568C9 /* Base */ = {isa = PBXFileReference; lastKnownFileType = file.storyboard; name = Base; path = Base.lproj/Main.storyboard; sourceTree = "<group>"; };
		6EE1CAA9204A55F300E568C9 /* Assets.xcassets */ = {isa = PBXFileReference; lastKnownFileType = folder.assetcatalog; path = Assets.xcassets; sourceTree = "<group>"; };
		6EE1CAAC204A55F300E568C9 /* Base */ = {isa = PBXFileReference; lastKnownFileType = file.storyboard; name = Base; path = Base.lproj/LaunchScreen.storyboard; sourceTree = "<group>"; };
		6EE1CAAE204A55F300E568C9 /* Info.plist */ = {isa = PBXFileReference; lastKnownFileType = text.plist.xml; path = Info.plist; sourceTree = "<group>"; };
		6EE1CAB4204A881500E568C9 /* Apaya.swift */ = {isa = PBXFileReference; lastKnownFileType = sourcecode.swift; path = Apaya.swift; sourceTree = "<group>"; };
		6EE1CAB6204A893300E568C9 /* Card.swift */ = {isa = PBXFileReference; lastKnownFileType = sourcecode.swift; path = Card.swift; sourceTree = "<group>"; };
/* End PBXFileReference section */

/* Begin PBXFrameworksBuildPhase section */
		6EE1CA9C204A55F300E568C9 /* Frameworks */ = {
			isa = PBXFrameworksBuildPhase;
			buildActionMask = 2147483647;
			files = (
			);
			runOnlyForDeploymentPostprocessing = 0;
		};
/* End PBXFrameworksBuildPhase section */

/* Begin PBXGroup section */
		6EE1CA96204A55F200E568C9 = {
			isa = PBXGroup;
			children = (
				6EE1CAA1204A55F300E568C9 /* Apaya */,
				6EE1CAA0204A55F300E568C9 /* Products */,
			);
			sourceTree = "<group>";
		};
		6EE1CAA0204A55F300E568C9 /* Products */ = {
			isa = PBXGroup;
			children = (
				6EE1CA9F204A55F300E568C9 /* Apaya.app */,
			);
			name = Products;
			sourceTree = "<group>";
		};
		6EE1CAA1204A55F300E568C9 /* Apaya */ = {
			isa = PBXGroup;
			children = (
				6EE1CAA2204A55F300E568C9 /* AppDelegate.swift */,
				6EE1CAA4204A55F300E568C9 /* ApayaViewController.swift */,
				6EE1CAA6204A55F300E568C9 /* Main.storyboard */,
				6EE1CAB6204A893300E568C9 /* Card.swift */,
				6EE1CAB4204A881500E568C9 /* Apaya.swift */,
				6EE1CAA9204A55F300E568C9 /* Assets.xcassets */,
				6EE1CAAB204A55F300E568C9 /* LaunchScreen.storyboard */,
				6EE1CAAE204A55F300E568C9 /* Info.plist */,
			);
			path = Apaya;
			sourceTree = "<group>";
		};
/* End PBXGroup section */

/* Begin PBXNativeTarget section */
		6EE1CA9E204A55F300E568C9 /* Apaya */ = {
			isa = PBXNativeTarget;
			buildConfigurationList = 6EE1CAB1204A55F300E568C9 /* Build configuration list for PBXNativeTarget "Apaya" */;
			buildPhases = (
				6EE1CA9B204A55F300E568C9 /* Sources */,
				6EE1CA9C204A55F300E568C9 /* Frameworks */,
				6EE1CA9D204A55F300E568C9 /* Resources */,
			);
			buildRules = (
			);
			dependencies = (
			);
			name = Apaya;
			productName = Apaya;
			productReference = 6EE1CA9F204A55F300E568C9 /* Apaya.app */;
			productType = "com.apple.product-type.application";
		};
/* End PBXNativeTarget section */

/* Begin PBXProject section */
		6EE1CA97204A55F200E568C9 /* Project object */ = {
			isa = PBXProject;
			attributes = {
				LastSwiftUpdateCheck = 0920;
				LastUpgradeCheck = 0920;
				ORGANIZATIONNAME = Wiyoza;
				TargetAttributes = {
					6EE1CA9E204A55F300E568C9 = {
						CreatedOnToolsVersion = 9.2;
						ProvisioningStyle = Automatic;
					};
				};
			};
			buildConfigurationList = 6EE1CA9A204A55F200E568C9 /* Build configuration list for PBXProject "Apaya" */;
			compatibilityVersion = "Xcode 8.0";
			developmentRegion = en;
			hasScannedForEncodings = 0;
			knownRegions = (
				en,
				Base,
			);
			mainGroup = 6EE1CA96204A55F200E568C9;
			productRefGroup = 6EE1CAA0204A55F300E568C9 /* Products */;
			projectDirPath = "";
			projectRoot = "";
			targets = (
				6EE1CA9E204A55F300E568C9 /* Apaya */,
			);
		};
/* End PBXProject section */

/* Begin PBXResourcesBuildPhase section */
		6EE1CA9D204A55F300E568C9 /* Resources */ = {
			isa = PBXResourcesBuildPhase;
			buildActionMask = 2147483647;
			files = (
				6EE1CAAD204A55F300E568C9 /* LaunchScreen.storyboard in Resources */,
				6EE1CAAA204A55F300E568C9 /* Assets.xcassets in Resources */,
				6EE1CAA8204A55F300E568C9 /* Main.storyboard in Resources */,
			);
			runOnlyForDeploymentPostprocessing = 0;
		};
/* End PBXResourcesBuildPhase section */

/* Begin PBXSourcesBuildPhase section */
		6EE1CA9B204A55F300E568C9 /* Sources */ = {
			isa = PBXSourcesBuildPhase;
			buildActionMask = 2147483647;
			files = (
				6EE1CAB5204A881500E568C9 /* Apaya.swift in Sources */,
				6EE1CAA5204A55F300E568C9 /* ApayaViewController.swift in Sources */,
				6EE1CAA3204A55F300E568C9 /* AppDelegate.swift in Sources */,
				6EE1CAB7204A893300E568C9 /* Card.swift in Sources */,
			);
			runOnlyForDeploymentPostprocessing = 0;
		};
/* End PBXSourcesBuildPhase section */

/* Begin PBXVariantGroup section */
		6EE1CAA6204A55F300E568C9 /* Main.storyboard */ = {
			isa = PBXVariantGroup;
			children = (
				6EE1CAA7204A55F300E568C9 /* Base */,
			);
			name = Main.storyboard;
			sourceTree = "<group>";
		};
		6EE1CAAB204A55F300E568C9 /* LaunchScreen.storyboard */ = {
			isa = PBXVariantGroup;
			children = (
				6EE1CAAC204A55F300E568C9 /* Base */,
			);
			name = LaunchScreen.storyboard;
			sourceTree = "<group>";
		};
/* End PBXVariantGroup section */

/* Begin XCBuildConfiguration section */
		6EE1CAAF204A55F300E568C9 /* Debug */ = {
			isa = XCBuildConfiguration;
			buildSettings = {
				ALWAYS_SEARCH_USER_PATHS = NO;
				CLANG_ANALYZER_NONNULL = YES;
				CLANG_ANALYZER_NUMBER_OBJECT_CONVERSION = YES_AGGRESSIVE;
				CLANG_CXX_LANGUAGE_STANDARD = "gnu++14";
				CLANG_CXX_LIBRARY = "libc++";
				CLANG_ENABLE_MODULES = YES;
				CLANG_ENABLE_OBJC_ARC = YES;
				CLANG_WARN_BLOCK_CAPTURE_AUTORELEASING = YES;
				CLANG_WARN_BOOL_CONVERSION = YES;
				CLANG_WARN_COMMA = YES;
				CLANG_WARN_CONSTANT_CONVERSION = YES;
				CLANG_WARN_DIRECT_OBJC_ISA_USAGE = YES_ERROR;
				CLANG_WARN_DOCUMENTATION_COMMENTS = YES;
				CLANG_WARN_EMPTY_BODY = YES;
				CLANG_WARN_ENUM_CONVERSION = YES;
				CLANG_WARN_INFINITE_RECURSION = YES;
				CLANG_WARN_INT_CONVERSION = YES;
				CLANG_WARN_NON_LITERAL_NULL_CONVERSION = YES;
				CLANG_WARN_OBJC_LITERAL_CONVERSION = YES;
				CLANG_WARN_OBJC_ROOT_CLASS = YES_ERROR;
				CLANG_WARN_RANGE_LOOP_ANALYSIS = YES;
				CLANG_WARN_STRICT_PROTOTYPES = YES;
				CLANG_WARN_SUSPICIOUS_MOVE = YES;
				CLANG_WARN_UNGUARDED_AVAILABILITY = YES_AGGRESSIVE;
				CLANG_WARN_UNREACHABLE_CODE = YES;
				CLANG_WARN__DUPLICATE_METHOD_MATCH = YES;
				CODE_SIGN_IDENTITY = "iPhone Developer";
				COPY_PHASE_STRIP = NO;
				DEBUG_INFORMATION_FORMAT = dwarf;
				ENABLE_STRICT_OBJC_MSGSEND = YES;
				ENABLE_TESTABILITY = YES;
				GCC_C_LANGUAGE_STANDARD = gnu11;
				GCC_DYNAMIC_NO_PIC = NO;
				GCC_NO_COMMON_BLOCKS = YES;
				GCC_OPTIMIZATION_LEVEL = 0;
				GCC_PREPROCESSOR_DEFINITIONS = (
					"DEBUG=1",
					"$(inherited)",
				);
				GCC_WARN_64_TO_32_BIT_CONVERSION = YES;
				GCC_WARN_ABOUT_RETURN_TYPE = YES_ERROR;
				GCC_WARN_UNDECLARED_SELECTOR = YES;
				GCC_WARN_UNINITIALIZED_AUTOS = YES_AGGRESSIVE;
				GCC_WARN_UNUSED_FUNCTION = YES;
				GCC_WARN_UNUSED_VARIABLE = YES;
				IPHONEOS_DEPLOYMENT_TARGET = 11.2;
				MTL_ENABLE_DEBUG_INFO = YES;
				ONLY_ACTIVE_ARCH = YES;
				SDKROOT = iphoneos;
				SWIFT_ACTIVE_COMPILATION_CONDITIONS = DEBUG;
				SWIFT_OPTIMIZATION_LEVEL = "-Onone";
			};
			name = Debug;
		};
		6EE1CAB0204A55F300E568C9 /* Release */ = {
			isa = XCBuildConfiguration;
			buildSettings = {
				ALWAYS_SEARCH_USER_PATHS = NO;
				CLANG_ANALYZER_NONNULL = YES;
				CLANG_ANALYZER_NUMBER_OBJECT_CONVERSION = YES_AGGRESSIVE;
				CLANG_CXX_LANGUAGE_STANDARD = "gnu++14";
				CLANG_CXX_LIBRARY = "libc++";
				CLANG_ENABLE_MODULES = YES;
				CLANG_ENABLE_OBJC_ARC = YES;
				CLANG_WARN_BLOCK_CAPTURE_AUTORELEASING = YES;
				CLANG_WARN_BOOL_CONVERSION = YES;
				CLANG_WARN_COMMA = YES;
				CLANG_WARN_CONSTANT_CONVERSION = YES;
				CLANG_WARN_DIRECT_OBJC_ISA_USAGE = YES_ERROR;
				CLANG_WARN_DOCUMENTATION_COMMENTS = YES;
				CLANG_WARN_EMPTY_BODY = YES;
				CLANG_WARN_ENUM_CONVERSION = YES;
				CLANG_WARN_INFINITE_RECURSION = YES;
				CLANG_WARN_INT_CONVERSION = YES;
				CLANG_WARN_NON_LITERAL_NULL_CONVERSION = YES;
				CLANG_WARN_OBJC_LITERAL_CONVERSION = YES;
				CLANG_WARN_OBJC_ROOT_CLASS = YES_ERROR;
				CLANG_WARN_RANGE_LOOP_ANALYSIS = YES;
				CLANG_WARN_STRICT_PROTOTYPES = YES;
				CLANG_WARN_SUSPICIOUS_MOVE = YES;
				CLANG_WARN_UNGUARDED_AVAILABILITY = YES_AGGRESSIVE;
				CLANG_WARN_UNREACHABLE_CODE = YES;
				CLANG_WARN__DUPLICATE_METHOD_MATCH = YES;
				CODE_SIGN_IDENTITY = "iPhone Developer";
				COPY_PHASE_STRIP = NO;
				DEBUG_INFORMATION_FORMAT = "dwarf-with-dsym";
				ENABLE_NS_ASSERTIONS = NO;
				ENABLE_STRICT_OBJC_MSGSEND = YES;
				GCC_C_LANGUAGE_STANDARD = gnu11;
				GCC_NO_COMMON_BLOCKS = YES;
				GCC_WARN_64_TO_32_BIT_CONVERSION = YES;
				GCC_WARN_ABOUT_RETURN_TYPE = YES_ERROR;
				GCC_WARN_UNDECLARED_SELECTOR = YES;
				GCC_WARN_UNINITIALIZED_AUTOS = YES_AGGRESSIVE;
				GCC_WARN_UNUSED_FUNCTION = YES;
				GCC_WARN_UNUSED_VARIABLE = YES;
				IPHONEOS_DEPLOYMENT_TARGET = 11.2;
				MTL_ENABLE_DEBUG_INFO = NO;
				SDKROOT = iphoneos;
				SWIFT_OPTIMIZATION_LEVEL = "-Owholemodule";
				VALIDATE_PRODUCT = YES;
			};
			name = Release;
		};
		6EE1CAB2204A55F300E568C9 /* Debug */ = {
			isa = XCBuildConfiguration;
			buildSettings = {
				ASSETCATALOG_COMPILER_APPICON_NAME = AppIcon;
				CODE_SIGN_STYLE = Automatic;
				DEVELOPMENT_TEAM = 44VVQHZS45;
				INFOPLIST_FILE = Apaya/Info.plist;
				LD_RUNPATH_SEARCH_PATHS = "$(inherited) @executable_path/Frameworks";
				PRODUCT_BUNDLE_IDENTIFIER = com.wiyoza.Apaya;
				PRODUCT_NAME = "$(TARGET_NAME)";
				SWIFT_VERSION = 4.0;
				TARGETED_DEVICE_FAMILY = "1,2";
			};
			name = Debug;
		};
		6EE1CAB3204A55F300E568C9 /* Release */ = {
			isa = XCBuildConfiguration;
			buildSettings = {
				ASSETCATALOG_COMPILER_APPICON_NAME = AppIcon;
				CODE_SIGN_STYLE = Automatic;
				DEVELOPMENT_TEAM = 44VVQHZS45;
				INFOPLIST_FILE = Apaya/Info.plist;
				LD_RUNPATH_SEARCH_PATHS = "$(inherited) @executable_path/Frameworks";
				PRODUCT_BUNDLE_IDENTIFIER = com.wiyoza.Apaya;
				PRODUCT_NAME = "$(TARGET_NAME)";
				SWIFT_VERSION = 4.0;
				TARGETED_DEVICE_FAMILY = "1,2";
			};
			name = Release;
		};
/* End XCBuildConfiguration section */

/* Begin XCConfigurationList section */
		6EE1CA9A204A55F200E568C9 /* Build configuration list for PBXProject "Apaya" */ = {
			isa = XCConfigurationList;
			buildConfigurations = (
				6EE1CAAF204A55F300E568C9 /* Debug */,
				6EE1CAB0204A55F300E568C9 /* Release */,
			);
			defaultConfigurationIsVisible = 0;
			defaultConfigurationName = Release;
		};
		6EE1CAB1204A55F300E568C9 /* Build configuration list for PBXNativeTarget "Apaya" */ = {
			isa = XCConfigurationList;
			buildConfigurations = (
				6EE1CAB2204A55F300E568C9 /* Debug */,
				6EE1CAB3204A55F300E568C9 /* Release */,
			);
			defaultConfigurationIsVisible = 0;
			defaultConfigurationName = Release;
		};
/* End XCConfigurationList section */
	};
	rootObject = 6EE1CA97204A55F200E568C9 /* Project object */;
}
